
Microsoft Visual Studio Solution File, Format Version 12.00
# Visual Studio Version 16
VisualStudioVersion = 16.0.33529.622
MinimumVisualStudioVersion = 10.0.40219.1
Project("{FAE04EC0-301F-11D3-BF4B-00C04F79EFBC}") = "Presentacion", "Presentacion\Presentacion.csproj", "{8A8D5FA8-EFD4-4CC3-AFA4-99B8A6D932B1}"
EndProject
Project("{FAE04EC0-301F-11D3-BF4B-00C04F79EFBC}") = "Domain", "Domain\Domain.csproj", "{1192BB7E-4CFD-414E-B955-B36379530E01}"
EndProject
Project("{FAE04EC0-301F-11D3-BF4B-00C04F79EFBC}") = "DataAccess", "DataAccess\DataAccess.csproj", "{8D991341-1049-478C-9FC4-03547A15E0AD}"
EndProject
Global
	GlobalSection(SolutionConfigurationPlatforms) = preSolution
		Debug|Any CPU = Debug|Any CPU
		Release|Any CPU = Release|Any CPU
	EndGlobalSection
	GlobalSection(ProjectConfigurationPlatforms) = postSolution
		{8A8D5FA8-EFD4-4CC3-AFA4-99B8A6D932B1}.Debug|Any CPU.ActiveCfg = Debug|Any CPU
		{8A8D5FA8-EFD4-4CC3-AFA4-99B8A6D932B1}.Debug|Any CPU.Build.0 = Debug|Any CPU
		{8A8D5FA8-EFD4-4CC3-AFA4-99B8A6D932B1}.Release|Any CPU.ActiveCfg = Release|Any CPU
		{8A8D5FA8-EFD4-4CC3-AFA4-99B8A6D932B1}.Release|Any CPU.Build.0 = Release|Any CPU
		{1192BB7E-4CFD-414E-B955-B36379530E01}.Debug|Any CPU.ActiveCfg = Debug|Any CPU
		{1192BB7E-4CFD-414E-B955-B36379530E01}.Debug|Any CPU.Build.0 = Debug|Any CPU
		{1192BB7E-4CFD-414E-B955-B36379530E01}.Release|Any CPU.ActiveCfg = Release|Any CPU
		{1192BB7E-4CFD-414E-B955-B36379530E01}.Release|Any CPU.Build.0 = Release|Any CPU
		{8D991341-1049-478C-9FC4-03547A15E0AD}.Debug|Any CPU.ActiveCfg = Debug|Any CPU
		{8D991341-1049-478C-9FC4-03547A15E0AD}.Debug|Any CPU.Build.0 = Debug|Any CPU
		{8D991341-1049-478C-9FC4-03547A15E0AD}.Release|Any CPU.ActiveCfg = Release|Any CPU
		{8D991341-1049-478C-9FC4-03547A15E0AD}.Release|Any CPU.Build.0 = Release|Any CPU
	EndGlobalSection
	GlobalSection(SolutionProperties) = preSolution
		HideSolutionNode = FALSE
	EndGlobalSection
	GlobalSection(ExtensibilityGlobals) = postSolution
		SolutionGuid = {256E88A5-185E-4C14-9718-EAEBBB472E91}
	EndGlobalSection
EndGlobal
